
Microsoft Visual Studio Solution File, Format Version 12.00
# Visual Studio 14
VisualStudioVersion = 14.0.24720.0
MinimumVisualStudioVersion = 10.0.40219.1
Project("{FAE04EC0-301F-11D3-BF4B-00C04F79EFBC}") = "AssemblyApi", "PublicApiWriter\AssemblyApi.csproj", "{910019F8-C942-47F0-92BE-2B3E641B156D}"
EndProject
Project("{FAE04EC0-301F-11D3-BF4B-00C04F79EFBC}") = "AssemblyApiTests", "AssemblyApiTests\AssemblyApiTests.csproj", "{DBE88E15-8DDF-48F2-8955-40960605E469}"
EndProject
Global
	GlobalSection(SolutionConfigurationPlatforms) = preSolution
		Debug|x86 = Debug|x86
		Release|x86 = Release|x86
	EndGlobalSection
	GlobalSection(ProjectConfigurationPlatforms) = postSolution
		{910019F8-C942-47F0-92BE-2B3E641B156D}.Debug|x86.ActiveCfg = Debug|x86
		{910019F8-C942-47F0-92BE-2B3E641B156D}.Debug|x86.Build.0 = Debug|x86
		{910019F8-C942-47F0-92BE-2B3E641B156D}.Release|x86.ActiveCfg = Release|x86
		{910019F8-C942-47F0-92BE-2B3E641B156D}.Release|x86.Build.0 = Release|x86
		{DBE88E15-8DDF-48F2-8955-40960605E469}.Debug|x86.ActiveCfg = Debug|Any CPU
		{DBE88E15-8DDF-48F2-8955-40960605E469}.Debug|x86.Build.0 = Debug|Any CPU
		{DBE88E15-8DDF-48F2-8955-40960605E469}.Release|x86.ActiveCfg = Release|Any CPU
		{DBE88E15-8DDF-48F2-8955-40960605E469}.Release|x86.Build.0 = Release|Any CPU
	EndGlobalSection
	GlobalSection(SolutionProperties) = preSolution
		HideSolutionNode = FALSE
	EndGlobalSection
EndGlobal
